<?xml version="1.0" encoding="utf-8"?>
<Project ToolsVersion="4.0" xmlns="http://schemas.microsoft.com/developer/msbuild/2003">
  <ItemGroup>
    <Filter Include="源文件">
      <UniqueIdentifier>{4FC737F1-C7A5-4376-A066-2A32D752A2FF}</UniqueIdentifier>
      <Extensions>cpp;c;cc;cxx;c++;cppm;ixx;def;odl;idl;hpj;bat;asm;asmx</Extensions>
    </Filter>
    <Filter Include="头文件">
      <UniqueIdentifier>{93995380-89BD-4b04-88EB-625FBE52EBFB}</UniqueIdentifier>
      <Extensions>h;hh;hpp;hxx;h++;hm;inl;inc;ipp;xsd</Extensions>
    </Filter>
    <Filter Include="资源文件">
      <UniqueIdentifier>{67DA6AB6-F800-4c08-8B7A-83BB121AAD01}</UniqueIdentifier>
      <Extensions>rc;ico;cur;bmp;dlg;rc2;rct;bin;rgs;gif;jpg;jpeg;jpe;resx;tiff;tif;png;wav;mfcribbon-ms</Extensions>
    </Filter>
    <Filter Include="runtime">
      <UniqueIdentifier>{8c036c7c-afc8-49a1-8719-5f7b1f9db514}</UniqueIdentifier>
    </Filter>
    <Filter Include="runtime\headers">
      <UniqueIdentifier>{d86df92a-40aa-47ec-bab2-9a617bb4d1de}</UniqueIdentifier>
    </Filter>
    <Filter Include="runtime\source">
      <UniqueIdentifier>{97edc721-92f3-4346-8f78-7885b8a6e277}</UniqueIdentifier>
    </Filter>
    <Filter Include="ui">
      <UniqueIdentifier>{f1cb1b96-696a-4ae0-93a6-0be2b68561ba}</UniqueIdentifier>
    </Filter>
    <Filter Include="ui\headers">
      <UniqueIdentifier>{94819006-7cf3-40a2-bd4b-5611f9ddc408}</UniqueIdentifier>
    </Filter>
    <Filter Include="ui\source">
      <UniqueIdentifier>{4eb6296b-51fb-4122-a095-611d2d8e71cd}</UniqueIdentifier>
    </Filter>
    <Filter Include="mutilthreadbase">
      <UniqueIdentifier>{2df8a25f-2dee-457d-ae28-c4f227da6f57}</UniqueIdentifier>
    </Filter>
    <Filter Include="mutilthreadbase\source">
      <UniqueIdentifier>{3f6a0ce1-f3ff-4781-8193-9ddf38d8384b}</UniqueIdentifier>
    </Filter>
    <Filter Include="mutilthreadbase\headers">
      <UniqueIdentifier>{bfa8f5f7-aad6-4e53-85a6-c76a603a1c59}</UniqueIdentifier>
    </Filter>
    <Filter Include="context">
      <UniqueIdentifier>{25766462-af90-4b21-87cc-c01a8a2647ac}</UniqueIdentifier>
    </Filter>
    <Filter Include="context\header">
      <UniqueIdentifier>{bde1feba-64c6-4304-9f8c-1f6efe4c2941}</UniqueIdentifier>
    </Filter>
    <Filter Include="context\source">
      <UniqueIdentifier>{48566539-8c76-408e-a933-9e74a364778c}</UniqueIdentifier>
    </Filter>
    <Filter Include="shape">
      <UniqueIdentifier>{64af5218-dcbb-4ff0-8a5c-1ab22d8acc47}</UniqueIdentifier>
    </Filter>
    <Filter Include="shape\headers">
      <UniqueIdentifier>{87c9ac0e-f5dc-4b3d-894e-7cbe85388ba1}</UniqueIdentifier>
    </Filter>
    <Filter Include="shape\source">
      <UniqueIdentifier>{365521de-c441-4d83-860b-5925ec9c459d}</UniqueIdentifier>
    </Filter>
    <Filter Include="object">
      <UniqueIdentifier>{1e88c87a-0730-4517-a412-99b0077774f4}</UniqueIdentifier>
    </Filter>
    <Filter Include="object\headers">
      <UniqueIdentifier>{17f99104-62a7-41fa-955f-37215e00c9ec}</UniqueIdentifier>
    </Filter>
    <Filter Include="object\source">
      <UniqueIdentifier>{8caf63cb-d12d-4280-b9a3-192c548f820f}</UniqueIdentifier>
    </Filter>
    <Filter Include="ImageLoader">
      <UniqueIdentifier>{aea8c1a6-796d-44f5-9e45-555fb89ecdaa}</UniqueIdentifier>
    </Filter>
    <Filter Include="ImageLoader\headers">
      <UniqueIdentifier>{bc444566-142a-420c-8b11-690aa0958910}</UniqueIdentifier>
    </Filter>
    <Filter Include="ImageLoader\source">
      <UniqueIdentifier>{e2b18a59-fb02-451a-b12f-68f500b07f87}</UniqueIdentifier>
    </Filter>
  </ItemGroup>
  <ItemGroup>
    <ClInclude Include="framework.h">
      <Filter>头文件</Filter>
    </ClInclude>
    <ClInclude Include="pch.h">
      <Filter>头文件</Filter>
    </ClInclude>
    <ClInclude Include="Runtime\runtime.h">
      <Filter>runtime\headers</Filter>
    </ClInclude>
    <ClInclude Include="UI\GLFW_WindowShareData.h">
      <Filter>ui\headers</Filter>
    </ClInclude>
    <ClInclude Include="MutilThreadBase\RefCount.h">
      <Filter>mutilthreadbase\headers</Filter>
    </ClInclude>
    <ClInclude Include="UI\Window.h">
      <Filter>ui\headers</Filter>
    </ClInclude>
    <ClInclude Include="headers.h">
      <Filter>runtime\headers</Filter>
    </ClInclude>
    <ClInclude Include="UI\GLFW_Window.h">
      <Filter>ui\headers</Filter>
    </ClInclude>
    <ClInclude Include="Context\Context.h">
      <Filter>context\header</Filter>
    </ClInclude>
    <ClInclude Include="Context\GL_Context.h">
      <Filter>context\header</Filter>
    </ClInclude>
    <ClInclude Include="Context\IRenderTarget.h">
      <Filter>context\header</Filter>
    </ClInclude>
    <ClInclude Include="Context\D3D11_Context.h">
      <Filter>context\header</Filter>
    </ClInclude>
    <ClInclude Include="Context\GL_ContextShareData.h">
      <Filter>context\header</Filter>
    </ClInclude>
    <ClInclude Include="Context\Material.h">
      <Filter>context\header</Filter>
    </ClInclude>
    <ClInclude Include="UI\EventHandler.h">
      <Filter>ui\headers</Filter>
    </ClInclude>
    <ClInclude Include="UI\CallBackHandler.h">
      <Filter>ui\headers</Filter>
    </ClInclude>
    <ClInclude Include="Context\VertexBuffer.h">
      <Filter>context\header</Filter>
    </ClInclude>
    <ClInclude Include="Context\GL_VertexBuffer.h">
      <Filter>context\header</Filter>
    </ClInclude>
    <ClInclude Include="Context\VertexFactory.h">
      <Filter>context\header</Filter>
    </ClInclude>
    <ClInclude Include="Context\VertexShader.h">
      <Filter>context\header</Filter>
    </ClInclude>
    <ClInclude Include="Context\PixelShader.h">
      <Filter>context\header</Filter>
    </ClInclude>
    <ClInclude Include="Context\GL_VertexShader.h">
      <Filter>context\header</Filter>
    </ClInclude>
    <ClInclude Include="Context\GL_PixelShader.h">
      <Filter>context\header</Filter>
    </ClInclude>
    <ClInclude Include="Context\Pipeline.h">
      <Filter>context\header</Filter>
    </ClInclude>
    <ClInclude Include="Context\IPipelineResource.h">
      <Filter>context\header</Filter>
    </ClInclude>
    <ClInclude Include="Context\GL_Material.h">
      <Filter>context\header</Filter>
    </ClInclude>
    <ClInclude Include="Context\VertexArray.h">
      <Filter>context\header</Filter>
    </ClInclude>
    <ClInclude Include="Shapes\Rectangle.h">
      <Filter>shape\headers</Filter>
    </ClInclude>
    <ClInclude Include="Shapes\Shape.h">
      <Filter>shape\headers</Filter>
    </ClInclude>
    <ClInclude Include="Context\GL_DrawCall.h">
      <Filter>context\header</Filter>
    </ClInclude>
    <ClInclude Include="Context\DrawCall.h">
      <Filter>context\header</Filter>
    </ClInclude>
    <ClInclude Include="Context\GL_ConstBuffer.h">
      <Filter>context\header</Filter>
    </ClInclude>
    <ClInclude Include="Context\Texture.h">
      <Filter>context\header</Filter>
    </ClInclude>
    <ClInclude Include="Context\GL_Texture.h">
      <Filter>context\header</Filter>
    </ClInclude>
    <ClInclude Include="Object\Box.h">
      <Filter>object\headers</Filter>
    </ClInclude>
    <ClInclude Include="Object\Object.h">
      <Filter>object\headers</Filter>
    </ClInclude>
    <ClInclude Include="ImageLoader\ImageLoader.h">
      <Filter>ImageLoader\headers</Filter>
    </ClInclude>
    <ClInclude Include="ImageLoader\FreeImage_ImageLoader.h">
      <Filter>ImageLoader\headers</Filter>
    </ClInclude>
    <ClInclude Include="Context\VertexRenderPipeline.h">
      <Filter>context\header</Filter>
    </ClInclude>
  </ItemGroup>
  <ItemGroup>
    <ClCompile Include="FCT.cpp">
      <Filter>源文件</Filter>
    </ClCompile>
    <ClCompile Include="pch.cpp">
      <Filter>源文件</Filter>
    </ClCompile>
    <ClCompile Include="Runtime\runtime.cpp">
      <Filter>runtime\source</Filter>
    </ClCompile>
    <ClCompile Include="UI\GLFW_WindowShareData.cpp">
      <Filter>ui\source</Filter>
    </ClCompile>
    <ClCompile Include="Context\GL_Context.cpp">
      <Filter>context\source</Filter>
    </ClCompile>
    <ClCompile Include="Context\GL_ContextShareData.cpp">
      <Filter>context\source</Filter>
    </ClCompile>
    <ClCompile Include="UI\GLFW_Window.cpp">
      <Filter>ui\source</Filter>
    </ClCompile>
    <ClCompile Include="Context\Context.cpp">
      <Filter>context\source</Filter>
    </ClCompile>
    <ClCompile Include="UI\Window.cpp">
      <Filter>ui\source</Filter>
    </ClCompile>
    <ClCompile Include="Context\VertexFactory.cpp">
      <Filter>context\source</Filter>
    </ClCompile>
    <ClCompile Include="Context\VertexShader.cpp">
      <Filter>context\source</Filter>
    </ClCompile>
    <ClCompile Include="Context\PixelShader.cpp">
      <Filter>context\source</Filter>
    </ClCompile>
    <ClCompile Include="Context\GL_PixelShader.cpp">
      <Filter>context\source</Filter>
    </ClCompile>
    <ClCompile Include="Context\GL_VertexShader.cpp">
      <Filter>context\source</Filter>
    </ClCompile>
    <ClCompile Include="Context\DataTypes.cpp">
      <Filter>context\source</Filter>
    </ClCompile>
    <ClCompile Include="Context\ShaderOutput.cpp">
      <Filter>context\source</Filter>
    </ClCompile>
    <ClCompile Include="Context\Pipeline.cpp">
      <Filter>context\source</Filter>
    </ClCompile>
    <ClCompile Include="Context\VertexBuffer.cpp">
      <Filter>context\source</Filter>
    </ClCompile>
    <ClCompile Include="Context\GL_VertexBuffer.cpp">
      <Filter>context\source</Filter>
    </ClCompile>
    <ClCompile Include="Context\GL_Material.cpp">
      <Filter>context\source</Filter>
    </ClCompile>
    <ClCompile Include="Context\GL_InputLayout.cpp">
      <Filter>context\source</Filter>
    </ClCompile>
    <ClCompile Include="Shapes\Rectangle.cpp">
      <Filter>shape\source</Filter>
    </ClCompile>
    <ClCompile Include="Context\GL_DrawCall.cpp">
      <Filter>context\source</Filter>
    </ClCompile>
    <ClCompile Include="Context\GL_ConstBuffer.cpp">
      <Filter>context\source</Filter>
    </ClCompile>
    <ClCompile Include="Context\ConstBuffer.cpp">
      <Filter>源文件</Filter>
    </ClCompile>
    <ClCompile Include="Context\GL_Texture.cpp">
      <Filter>context\source</Filter>
    </ClCompile>
    <ClCompile Include="Object\Box.cpp">
      <Filter>object\source</Filter>
    </ClCompile>
    <ClCompile Include="Object\Object.cpp">
      <Filter>object\source</Filter>
    </ClCompile>
    <ClCompile Include="ImageLoader\FreeImage_ImageLoader.cpp">
      <Filter>ImageLoader\source</Filter>
    </ClCompile>
    <ClCompile Include="Context\Texture.cpp">
      <Filter>源文件</Filter>
    </ClCompile>
    <ClCompile Include="Context\VertexRenderPipeline.cpp">
      <Filter>源文件</Filter>
    </ClCompile>
  </ItemGroup>
  <ItemGroup>
    <None Include="packages.config" />
  </ItemGroup>
</Project>